
Microsoft Visual Studio Solution File, Format Version 12.00
# Visual Studio Version 17
VisualStudioVersion = 17.0.31903.59
MinimumVisualStudioVersion = 10.0.40219.1
Project("{FAE04EC0-301F-11D3-BF4B-00C04F79EFBC}") = "AuctionSystem.API", "AuctionSystem.API\AuctionSystem.API.csproj", "{B9FAD70F-2EF0-430A-A8BB-22BF3BA91CB4}"
EndProject
Project("{FAE04EC0-301F-11D3-BF4B-00C04F79EFBC}") = "AuctionSystem.Core", "AuctionSystem.Core\AuctionSystem.Core.csproj", "{A1A2E222-7B3B-4F5D-AD4F-875B84BAB9C5}"
EndProject
Project("{FAE04EC0-301F-11D3-BF4B-00C04F79EFBC}") = "AuctionSystem.App", "AuctionSystem.App\AuctionSystem.App.csproj", "{36B498F6-6F8F-4296-909B-63D4566604C2}"
EndProject
Project("{FAE04EC0-301F-11D3-BF4B-00C04F79EFBC}") = "AuctionSystem.Infra", "AuctionSystem.Infra\AuctionSystem.Infra.csproj", "{1BDFC995-4E92-4FD9-8F36-E0B1CDB8E74C}"
EndProject
Global
	GlobalSection(SolutionConfigurationPlatforms) = preSolution
		Debug|Any CPU = Debug|Any CPU
		Debug|x64 = Debug|x64
		Debug|x86 = Debug|x86
		Release|Any CPU = Release|Any CPU
		Release|x64 = Release|x64
		Release|x86 = Release|x86
	EndGlobalSection
	GlobalSection(ProjectConfigurationPlatforms) = postSolution
		{B9FAD70F-2EF0-430A-A8BB-22BF3BA91CB4}.Debug|Any CPU.ActiveCfg = Debug|Any CPU
		{B9FAD70F-2EF0-430A-A8BB-22BF3BA91CB4}.Debug|Any CPU.Build.0 = Debug|Any CPU
		{B9FAD70F-2EF0-430A-A8BB-22BF3BA91CB4}.Debug|x64.ActiveCfg = Debug|Any CPU
		{B9FAD70F-2EF0-430A-A8BB-22BF3BA91CB4}.Debug|x64.Build.0 = Debug|Any CPU
		{B9FAD70F-2EF0-430A-A8BB-22BF3BA91CB4}.Debug|x86.ActiveCfg = Debug|Any CPU
		{B9FAD70F-2EF0-430A-A8BB-22BF3BA91CB4}.Debug|x86.Build.0 = Debug|Any CPU
		{B9FAD70F-2EF0-430A-A8BB-22BF3BA91CB4}.Release|Any CPU.ActiveCfg = Release|Any CPU
		{B9FAD70F-2EF0-430A-A8BB-22BF3BA91CB4}.Release|Any CPU.Build.0 = Release|Any CPU
		{B9FAD70F-2EF0-430A-A8BB-22BF3BA91CB4}.Release|x64.ActiveCfg = Release|Any CPU
		{B9FAD70F-2EF0-430A-A8BB-22BF3BA91CB4}.Release|x64.Build.0 = Release|Any CPU
		{B9FAD70F-2EF0-430A-A8BB-22BF3BA91CB4}.Release|x86.ActiveCfg = Release|Any CPU
		{B9FAD70F-2EF0-430A-A8BB-22BF3BA91CB4}.Release|x86.Build.0 = Release|Any CPU
		{A1A2E222-7B3B-4F5D-AD4F-875B84BAB9C5}.Debug|Any CPU.ActiveCfg = Debug|Any CPU
		{A1A2E222-7B3B-4F5D-AD4F-875B84BAB9C5}.Debug|Any CPU.Build.0 = Debug|Any CPU
		{A1A2E222-7B3B-4F5D-AD4F-875B84BAB9C5}.Debug|x64.ActiveCfg = Debug|Any CPU
		{A1A2E222-7B3B-4F5D-AD4F-875B84BAB9C5}.Debug|x64.Build.0 = Debug|Any CPU
		{A1A2E222-7B3B-4F5D-AD4F-875B84BAB9C5}.Debug|x86.ActiveCfg = Debug|Any CPU
		{A1A2E222-7B3B-4F5D-AD4F-875B84BAB9C5}.Debug|x86.Build.0 = Debug|Any CPU
		{A1A2E222-7B3B-4F5D-AD4F-875B84BAB9C5}.Release|Any CPU.ActiveCfg = Release|Any CPU
		{A1A2E222-7B3B-4F5D-AD4F-875B84BAB9C5}.Release|Any CPU.Build.0 = Release|Any CPU
		{A1A2E222-7B3B-4F5D-AD4F-875B84BAB9C5}.Release|x64.ActiveCfg = Release|Any CPU
		{A1A2E222-7B3B-4F5D-AD4F-875B84BAB9C5}.Release|x64.Build.0 = Release|Any CPU
		{A1A2E222-7B3B-4F5D-AD4F-875B84BAB9C5}.Release|x86.ActiveCfg = Release|Any CPU
		{A1A2E222-7B3B-4F5D-AD4F-875B84BAB9C5}.Release|x86.Build.0 = Release|Any CPU
		{36B498F6-6F8F-4296-909B-63D4566604C2}.Debug|Any CPU.ActiveCfg = Debug|Any CPU
		{36B498F6-6F8F-4296-909B-63D4566604C2}.Debug|Any CPU.Build.0 = Debug|Any CPU
		{36B498F6-6F8F-4296-909B-63D4566604C2}.Debug|x64.ActiveCfg = Debug|Any CPU
		{36B498F6-6F8F-4296-909B-63D4566604C2}.Debug|x64.Build.0 = Debug|Any CPU
		{36B498F6-6F8F-4296-909B-63D4566604C2}.Debug|x86.ActiveCfg = Debug|Any CPU
		{36B498F6-6F8F-4296-909B-63D4566604C2}.Debug|x86.Build.0 = Debug|Any CPU
		{36B498F6-6F8F-4296-909B-63D4566604C2}.Release|Any CPU.ActiveCfg = Release|Any CPU
		{36B498F6-6F8F-4296-909B-63D4566604C2}.Release|Any CPU.Build.0 = Release|Any CPU
		{36B498F6-6F8F-4296-909B-63D4566604C2}.Release|x64.ActiveCfg = Release|Any CPU
		{36B498F6-6F8F-4296-909B-63D4566604C2}.Release|x64.Build.0 = Release|Any CPU
		{36B498F6-6F8F-4296-909B-63D4566604C2}.Release|x86.ActiveCfg = Release|Any CPU
		{36B498F6-6F8F-4296-909B-63D4566604C2}.Release|x86.Build.0 = Release|Any CPU
		{1BDFC995-4E92-4FD9-8F36-E0B1CDB8E74C}.Debug|Any CPU.ActiveCfg = Debug|Any CPU
		{1BDFC995-4E92-4FD9-8F36-E0B1CDB8E74C}.Debug|Any CPU.Build.0 = Debug|Any CPU
		{1BDFC995-4E92-4FD9-8F36-E0B1CDB8E74C}.Debug|x64.ActiveCfg = Debug|Any CPU
		{1BDFC995-4E92-4FD9-8F36-E0B1CDB8E74C}.Debug|x64.Build.0 = Debug|Any CPU
		{1BDFC995-4E92-4FD9-8F36-E0B1CDB8E74C}.Debug|x86.ActiveCfg = Debug|Any CPU
		{1BDFC995-4E92-4FD9-8F36-E0B1CDB8E74C}.Debug|x86.Build.0 = Debug|Any CPU
		{1BDFC995-4E92-4FD9-8F36-E0B1CDB8E74C}.Release|Any CPU.ActiveCfg = Release|Any CPU
		{1BDFC995-4E92-4FD9-8F36-E0B1CDB8E74C}.Release|Any CPU.Build.0 = Release|Any CPU
		{1BDFC995-4E92-4FD9-8F36-E0B1CDB8E74C}.Release|x64.ActiveCfg = Release|Any CPU
		{1BDFC995-4E92-4FD9-8F36-E0B1CDB8E74C}.Release|x64.Build.0 = Release|Any CPU
		{1BDFC995-4E92-4FD9-8F36-E0B1CDB8E74C}.Release|x86.ActiveCfg = Release|Any CPU
		{1BDFC995-4E92-4FD9-8F36-E0B1CDB8E74C}.Release|x86.Build.0 = Release|Any CPU
	EndGlobalSection
	GlobalSection(SolutionProperties) = preSolution
		HideSolutionNode = FALSE
	EndGlobalSection
EndGlobal
